
Microsoft Visual Studio Solution File, Format Version 12.00
# Visual Studio Version 17
VisualStudioVersion = 17.6.33723.286
MinimumVisualStudioVersion = 10.0.40219.1
Project("{FAE04EC0-301F-11D3-BF4B-00C04F79EFBC}") = "bit-counting", "bit-counting.csproj", "{F872D754-45A7-4BB8-AF80-BC0B931B7CD5}"
EndProject
Global
	GlobalSection(SolutionConfigurationPlatforms) = preSolution
		Debug|Any CPU = Debug|Any CPU
		Release|Any CPU = Release|Any CPU
	EndGlobalSection
	GlobalSection(ProjectConfigurationPlatforms) = postSolution
		{F872D754-45A7-4BB8-AF80-BC0B931B7CD5}.Debug|Any CPU.ActiveCfg = Debug|Any CPU
		{F872D754-45A7-4BB8-AF80-BC0B931B7CD5}.Debug|Any CPU.Build.0 = Debug|Any CPU
		{F872D754-45A7-4BB8-AF80-BC0B931B7CD5}.Release|Any CPU.ActiveCfg = Release|Any CPU
		{F872D754-45A7-4BB8-AF80-BC0B931B7CD5}.Release|Any CPU.Build.0 = Release|Any CPU
	EndGlobalSection
	GlobalSection(SolutionProperties) = preSolution
		HideSolutionNode = FALSE
	EndGlobalSection
	GlobalSection(ExtensibilityGlobals) = postSolution
		SolutionGuid = {2962C0F0-FEA6-4C6D-BA16-84789FAC0CBA}
	EndGlobalSection
EndGlobal
